
Microsoft Visual Studio Solution File, Format Version 12.00
# Visual Studio Version 16
VisualStudioVersion = 16.0.31321.278
MinimumVisualStudioVersion = 10.0.40219.1
Project("{FAE04EC0-301F-11D3-BF4B-00C04F79EFBC}") = "Books", "Books\Books.csproj", "{47D2F4E4-26CE-4102-AFC2-358F0CED3E2F}"
EndProject
Project("{FAE04EC0-301F-11D3-BF4B-00C04F79EFBC}") = "Gateway API", "Gatewat API\Gateway API.csproj", "{43BFCA8D-CE1F-4BA0-A19C-4A6ED3CFB426}"
EndProject
Project("{FAE04EC0-301F-11D3-BF4B-00C04F79EFBC}") = "Users", "Users\Users.csproj", "{CD01FFFB-A63B-4ADB-81F2-F1A3ECED81C0}"
EndProject
Global
	GlobalSection(SolutionConfigurationPlatforms) = preSolution
		Debug|Any CPU = Debug|Any CPU
		Release|Any CPU = Release|Any CPU
	EndGlobalSection
	GlobalSection(ProjectConfigurationPlatforms) = postSolution
		{47D2F4E4-26CE-4102-AFC2-358F0CED3E2F}.Debug|Any CPU.ActiveCfg = Debug|Any CPU
		{47D2F4E4-26CE-4102-AFC2-358F0CED3E2F}.Debug|Any CPU.Build.0 = Debug|Any CPU
		{47D2F4E4-26CE-4102-AFC2-358F0CED3E2F}.Release|Any CPU.ActiveCfg = Release|Any CPU
		{47D2F4E4-26CE-4102-AFC2-358F0CED3E2F}.Release|Any CPU.Build.0 = Release|Any CPU
		{43BFCA8D-CE1F-4BA0-A19C-4A6ED3CFB426}.Debug|Any CPU.ActiveCfg = Debug|Any CPU
		{43BFCA8D-CE1F-4BA0-A19C-4A6ED3CFB426}.Debug|Any CPU.Build.0 = Debug|Any CPU
		{43BFCA8D-CE1F-4BA0-A19C-4A6ED3CFB426}.Release|Any CPU.ActiveCfg = Release|Any CPU
		{43BFCA8D-CE1F-4BA0-A19C-4A6ED3CFB426}.Release|Any CPU.Build.0 = Release|Any CPU
		{CD01FFFB-A63B-4ADB-81F2-F1A3ECED81C0}.Debug|Any CPU.ActiveCfg = Debug|Any CPU
		{CD01FFFB-A63B-4ADB-81F2-F1A3ECED81C0}.Debug|Any CPU.Build.0 = Debug|Any CPU
		{CD01FFFB-A63B-4ADB-81F2-F1A3ECED81C0}.Release|Any CPU.ActiveCfg = Release|Any CPU
		{CD01FFFB-A63B-4ADB-81F2-F1A3ECED81C0}.Release|Any CPU.Build.0 = Release|Any CPU
	EndGlobalSection
	GlobalSection(SolutionProperties) = preSolution
		HideSolutionNode = FALSE
	EndGlobalSection
	GlobalSection(ExtensibilityGlobals) = postSolution
		SolutionGuid = {6FC404FD-DAE8-4025-8DB7-0E9CD86C80D8}
	EndGlobalSection
EndGlobal
